
Microsoft Visual Studio Solution File, Format Version 12.00
# Visual Studio Version 17
VisualStudioVersion = 17.4.33122.133
MinimumVisualStudioVersion = 10.0.40219.1
Project("{FAE04EC0-301F-11D3-BF4B-00C04F79EFBC}") = "WpfApp8", "WpfApp8\WpfApp8.csproj", "{1A1D2897-388E-4D78-A915-E9F369787C7D}"
EndProject
Global
	GlobalSection(SolutionConfigurationPlatforms) = preSolution
		Debug|Any CPU = Debug|Any CPU
		Release|Any CPU = Release|Any CPU
	EndGlobalSection
	GlobalSection(ProjectConfigurationPlatforms) = postSolution
		{1A1D2897-388E-4D78-A915-E9F369787C7D}.Debug|Any CPU.ActiveCfg = Debug|Any CPU
		{1A1D2897-388E-4D78-A915-E9F369787C7D}.Debug|Any CPU.Build.0 = Debug|Any CPU
		{1A1D2897-388E-4D78-A915-E9F369787C7D}.Release|Any CPU.ActiveCfg = Release|Any CPU
		{1A1D2897-388E-4D78-A915-E9F369787C7D}.Release|Any CPU.Build.0 = Release|Any CPU
	EndGlobalSection
	GlobalSection(SolutionProperties) = preSolution
		HideSolutionNode = FALSE
	EndGlobalSection
	GlobalSection(ExtensibilityGlobals) = postSolution
		SolutionGuid = {853EDC58-FC69-4933-9F1E-9D64F676A63C}
	EndGlobalSection
EndGlobal
